
Microsoft Visual Studio Solution File, Format Version 12.00
# Visual Studio Version 17
VisualStudioVersion = 17.0.31903.59
MinimumVisualStudioVersion = 10.0.40219.1
Project("{FAE04EC0-301F-11D3-BF4B-00C04F79EFBC}") = "Shopmaster.Api", "Shopmaster.Api\Shopmaster.Api.csproj", "{17EB638B-37C1-4468-8AD3-7CCC840FFDE0}"
EndProject
Project("{FAE04EC0-301F-11D3-BF4B-00C04F79EFBC}") = "Shopmaster.Application", "Shopmaster.Application\Shopmaster.Application.csproj", "{BACFC1BF-9BC6-4978-84E7-51534F80C728}"
EndProject
Project("{FAE04EC0-301F-11D3-BF4B-00C04F79EFBC}") = "Shopmaster.Domain", "Shopmaster.Domain\Shopmaster.Domain.csproj", "{78B331E4-AE57-4A58-8FA3-349D99D1F431}"
EndProject
Project("{FAE04EC0-301F-11D3-BF4B-00C04F79EFBC}") = "Shopmaster.Infrastructure", "Shopmaster.Infrastructure\Shopmaster.Infrastructure.csproj", "{A2562178-2AB3-47F7-96FE-517A9D1C0986}"
EndProject
Global
	GlobalSection(SolutionConfigurationPlatforms) = preSolution
		Debug|Any CPU = Debug|Any CPU
		Release|Any CPU = Release|Any CPU
	EndGlobalSection
	GlobalSection(SolutionProperties) = preSolution
		HideSolutionNode = FALSE
	EndGlobalSection
	GlobalSection(ProjectConfigurationPlatforms) = postSolution
		{17EB638B-37C1-4468-8AD3-7CCC840FFDE0}.Debug|Any CPU.ActiveCfg = Debug|Any CPU
		{17EB638B-37C1-4468-8AD3-7CCC840FFDE0}.Debug|Any CPU.Build.0 = Debug|Any CPU
		{17EB638B-37C1-4468-8AD3-7CCC840FFDE0}.Release|Any CPU.ActiveCfg = Release|Any CPU
		{17EB638B-37C1-4468-8AD3-7CCC840FFDE0}.Release|Any CPU.Build.0 = Release|Any CPU
		{D5E4A6C8-2413-42FC-8B86-C2F788F1BB69}.Debug|Any CPU.ActiveCfg = Debug|Any CPU
		{D5E4A6C8-2413-42FC-8B86-C2F788F1BB69}.Debug|Any CPU.Build.0 = Debug|Any CPU
		{D5E4A6C8-2413-42FC-8B86-C2F788F1BB69}.Release|Any CPU.ActiveCfg = Release|Any CPU
		{D5E4A6C8-2413-42FC-8B86-C2F788F1BB69}.Release|Any CPU.Build.0 = Release|Any CPU
		{14FB9519-5B42-437E-BF70-EB9680FF5B18}.Debug|Any CPU.ActiveCfg = Debug|Any CPU
		{14FB9519-5B42-437E-BF70-EB9680FF5B18}.Debug|Any CPU.Build.0 = Debug|Any CPU
		{14FB9519-5B42-437E-BF70-EB9680FF5B18}.Release|Any CPU.ActiveCfg = Release|Any CPU
		{14FB9519-5B42-437E-BF70-EB9680FF5B18}.Release|Any CPU.Build.0 = Release|Any CPU
		{C6E5B1C0-97E2-41E7-BA89-3959C0BA09B0}.Debug|Any CPU.ActiveCfg = Debug|Any CPU
		{C6E5B1C0-97E2-41E7-BA89-3959C0BA09B0}.Debug|Any CPU.Build.0 = Debug|Any CPU
		{C6E5B1C0-97E2-41E7-BA89-3959C0BA09B0}.Release|Any CPU.ActiveCfg = Release|Any CPU
		{C6E5B1C0-97E2-41E7-BA89-3959C0BA09B0}.Release|Any CPU.Build.0 = Release|Any CPU
		{BACFC1BF-9BC6-4978-84E7-51534F80C728}.Debug|Any CPU.ActiveCfg = Debug|Any CPU
		{BACFC1BF-9BC6-4978-84E7-51534F80C728}.Debug|Any CPU.Build.0 = Debug|Any CPU
		{BACFC1BF-9BC6-4978-84E7-51534F80C728}.Release|Any CPU.ActiveCfg = Release|Any CPU
		{BACFC1BF-9BC6-4978-84E7-51534F80C728}.Release|Any CPU.Build.0 = Release|Any CPU
		{78B331E4-AE57-4A58-8FA3-349D99D1F431}.Debug|Any CPU.ActiveCfg = Debug|Any CPU
		{78B331E4-AE57-4A58-8FA3-349D99D1F431}.Debug|Any CPU.Build.0 = Debug|Any CPU
		{78B331E4-AE57-4A58-8FA3-349D99D1F431}.Release|Any CPU.ActiveCfg = Release|Any CPU
		{78B331E4-AE57-4A58-8FA3-349D99D1F431}.Release|Any CPU.Build.0 = Release|Any CPU
		{A2562178-2AB3-47F7-96FE-517A9D1C0986}.Debug|Any CPU.ActiveCfg = Debug|Any CPU
		{A2562178-2AB3-47F7-96FE-517A9D1C0986}.Debug|Any CPU.Build.0 = Debug|Any CPU
		{A2562178-2AB3-47F7-96FE-517A9D1C0986}.Release|Any CPU.ActiveCfg = Release|Any CPU
		{A2562178-2AB3-47F7-96FE-517A9D1C0986}.Release|Any CPU.Build.0 = Release|Any CPU
	EndGlobalSection
EndGlobal
